<?xml version="1.0" encoding="utf-8"?>
<Project ToolsVersion="4.0" xmlns="http://schemas.microsoft.com/developer/msbuild/2003">
  <ItemGroup>
    <ClCompile Include="Backstrasse.cpp" />
    <ClCompile Include="BackstrasseKonsole.cpp" />
    <ClCompile Include="Vorrat.cpp" />
    <ClCompile Include="Band.cpp" />
    <ClCompile Include="Ofen.cpp" />
    <ClCompile Include="Auftrag.cpp" />
    <ClCompile Include="Plaetzchen.cpp" />
    <ClCompile Include="Datei.cpp" />
    <ClCompile Include="ExceptionKlasseKonsole.cpp" />
  </ItemGroup>
  <ItemGroup>
    <ClInclude Include="Backstrasse.h" />
    <ClInclude Include="Vorrat.h" />
    <ClInclude Include="Band.h" />
    <ClInclude Include="Ofen.h" />
    <ClInclude Include="Auftrag.h" />
    <ClInclude Include="Plaetzchen.h" />
    <ClInclude Include="Datei.h" />
  </ItemGroup>
</Project>